
Microsoft Visual Studio Solution File, Format Version 12.00
# Visual Studio Version 17
VisualStudioVersion = 17.0.31903.59
MinimumVisualStudioVersion = 10.0.40219.1
Project("{FAE04EC0-301F-11D3-BF4B-00C04F79EFBC}") = "ArgusCloud.Application", "ArgusCloud.Application\ArgusCloud.Application.csproj", "{9C5C4180-6D53-4FCD-91C8-778511E8A451}"
EndProject
Project("{FAE04EC0-301F-11D3-BF4B-00C04F79EFBC}") = "ArgusCloud.Infrastructure", "ArgusCloud.Infrastructure\ArgusCloud.Infrastructure.csproj", "{E8BED39D-31B2-4594-8CBF-3578F42088F4}"
EndProject
Project("{FAE04EC0-301F-11D3-BF4B-00C04F79EFBC}") = "ArgusCloud.API", "ArgusCloud.API\ArgusCloud.API.csproj", "{2E312654-2EC7-45CE-A6BB-F26712896473}"
EndProject
Project("{FAE04EC0-301F-11D3-BF4B-00C04F79EFBC}") = "ArgusCloud.Domain", "ArgusCloud.Domain\ArgusCloud.Domain.csproj", "{E32FEA52-1FE5-7F3D-A3F1-D616E0EB411D}"
EndProject
Global
	GlobalSection(SolutionConfigurationPlatforms) = preSolution
		Debug|Any CPU = Debug|Any CPU
		Debug|x64 = Debug|x64
		Debug|x86 = Debug|x86
		Release|Any CPU = Release|Any CPU
		Release|x64 = Release|x64
		Release|x86 = Release|x86
	EndGlobalSection
	GlobalSection(ProjectConfigurationPlatforms) = postSolution
		{9C5C4180-6D53-4FCD-91C8-778511E8A451}.Debug|Any CPU.ActiveCfg = Debug|Any CPU
		{9C5C4180-6D53-4FCD-91C8-778511E8A451}.Debug|Any CPU.Build.0 = Debug|Any CPU
		{9C5C4180-6D53-4FCD-91C8-778511E8A451}.Debug|x64.ActiveCfg = Debug|Any CPU
		{9C5C4180-6D53-4FCD-91C8-778511E8A451}.Debug|x64.Build.0 = Debug|Any CPU
		{9C5C4180-6D53-4FCD-91C8-778511E8A451}.Debug|x86.ActiveCfg = Debug|Any CPU
		{9C5C4180-6D53-4FCD-91C8-778511E8A451}.Debug|x86.Build.0 = Debug|Any CPU
		{9C5C4180-6D53-4FCD-91C8-778511E8A451}.Release|Any CPU.ActiveCfg = Release|Any CPU
		{9C5C4180-6D53-4FCD-91C8-778511E8A451}.Release|Any CPU.Build.0 = Release|Any CPU
		{9C5C4180-6D53-4FCD-91C8-778511E8A451}.Release|x64.ActiveCfg = Release|Any CPU
		{9C5C4180-6D53-4FCD-91C8-778511E8A451}.Release|x64.Build.0 = Release|Any CPU
		{9C5C4180-6D53-4FCD-91C8-778511E8A451}.Release|x86.ActiveCfg = Release|Any CPU
		{9C5C4180-6D53-4FCD-91C8-778511E8A451}.Release|x86.Build.0 = Release|Any CPU
		{E8BED39D-31B2-4594-8CBF-3578F42088F4}.Debug|Any CPU.ActiveCfg = Debug|Any CPU
		{E8BED39D-31B2-4594-8CBF-3578F42088F4}.Debug|Any CPU.Build.0 = Debug|Any CPU
		{E8BED39D-31B2-4594-8CBF-3578F42088F4}.Debug|x64.ActiveCfg = Debug|Any CPU
		{E8BED39D-31B2-4594-8CBF-3578F42088F4}.Debug|x64.Build.0 = Debug|Any CPU
		{E8BED39D-31B2-4594-8CBF-3578F42088F4}.Debug|x86.ActiveCfg = Debug|Any CPU
		{E8BED39D-31B2-4594-8CBF-3578F42088F4}.Debug|x86.Build.0 = Debug|Any CPU
		{E8BED39D-31B2-4594-8CBF-3578F42088F4}.Release|Any CPU.ActiveCfg = Release|Any CPU
		{E8BED39D-31B2-4594-8CBF-3578F42088F4}.Release|Any CPU.Build.0 = Release|Any CPU
		{E8BED39D-31B2-4594-8CBF-3578F42088F4}.Release|x64.ActiveCfg = Release|Any CPU
		{E8BED39D-31B2-4594-8CBF-3578F42088F4}.Release|x64.Build.0 = Release|Any CPU
		{E8BED39D-31B2-4594-8CBF-3578F42088F4}.Release|x86.ActiveCfg = Release|Any CPU
		{E8BED39D-31B2-4594-8CBF-3578F42088F4}.Release|x86.Build.0 = Release|Any CPU
		{2E312654-2EC7-45CE-A6BB-F26712896473}.Debug|Any CPU.ActiveCfg = Debug|Any CPU
		{2E312654-2EC7-45CE-A6BB-F26712896473}.Debug|Any CPU.Build.0 = Debug|Any CPU
		{2E312654-2EC7-45CE-A6BB-F26712896473}.Debug|x64.ActiveCfg = Debug|Any CPU
		{2E312654-2EC7-45CE-A6BB-F26712896473}.Debug|x64.Build.0 = Debug|Any CPU
		{2E312654-2EC7-45CE-A6BB-F26712896473}.Debug|x86.ActiveCfg = Debug|Any CPU
		{2E312654-2EC7-45CE-A6BB-F26712896473}.Debug|x86.Build.0 = Debug|Any CPU
		{2E312654-2EC7-45CE-A6BB-F26712896473}.Release|Any CPU.ActiveCfg = Release|Any CPU
		{2E312654-2EC7-45CE-A6BB-F26712896473}.Release|Any CPU.Build.0 = Release|Any CPU
		{2E312654-2EC7-45CE-A6BB-F26712896473}.Release|x64.ActiveCfg = Release|Any CPU
		{2E312654-2EC7-45CE-A6BB-F26712896473}.Release|x64.Build.0 = Release|Any CPU
		{2E312654-2EC7-45CE-A6BB-F26712896473}.Release|x86.ActiveCfg = Release|Any CPU
		{2E312654-2EC7-45CE-A6BB-F26712896473}.Release|x86.Build.0 = Release|Any CPU
		{E32FEA52-1FE5-7F3D-A3F1-D616E0EB411D}.Debug|Any CPU.ActiveCfg = Debug|Any CPU
		{E32FEA52-1FE5-7F3D-A3F1-D616E0EB411D}.Debug|Any CPU.Build.0 = Debug|Any CPU
		{E32FEA52-1FE5-7F3D-A3F1-D616E0EB411D}.Debug|x64.ActiveCfg = Debug|Any CPU
		{E32FEA52-1FE5-7F3D-A3F1-D616E0EB411D}.Debug|x64.Build.0 = Debug|Any CPU
		{E32FEA52-1FE5-7F3D-A3F1-D616E0EB411D}.Debug|x86.ActiveCfg = Debug|Any CPU
		{E32FEA52-1FE5-7F3D-A3F1-D616E0EB411D}.Debug|x86.Build.0 = Debug|Any CPU
		{E32FEA52-1FE5-7F3D-A3F1-D616E0EB411D}.Release|Any CPU.ActiveCfg = Release|Any CPU
		{E32FEA52-1FE5-7F3D-A3F1-D616E0EB411D}.Release|Any CPU.Build.0 = Release|Any CPU
		{E32FEA52-1FE5-7F3D-A3F1-D616E0EB411D}.Release|x64.ActiveCfg = Release|Any CPU
		{E32FEA52-1FE5-7F3D-A3F1-D616E0EB411D}.Release|x64.Build.0 = Release|Any CPU
		{E32FEA52-1FE5-7F3D-A3F1-D616E0EB411D}.Release|x86.ActiveCfg = Release|Any CPU
		{E32FEA52-1FE5-7F3D-A3F1-D616E0EB411D}.Release|x86.Build.0 = Release|Any CPU
	EndGlobalSection
	GlobalSection(SolutionProperties) = preSolution
		HideSolutionNode = FALSE
	EndGlobalSection
	GlobalSection(ExtensibilityGlobals) = postSolution
		SolutionGuid = {F892EBE2-9209-433B-81CF-4D6126F9233C}
	EndGlobalSection
EndGlobal
